// !$*UTF8*$!
{
	archiveVersion = 1;
	classes = {
	};
	objectVersion = 50;
	objects = {

/* Begin PBXBuildFile section */
		4C29539C21B8B09800D2800D /* AppDelegate.swift in Sources */ = {isa = PBXBuildFile; fileRef = 4C29539B21B8B09800D2800D /* AppDelegate.swift */; };
		4C2953A421B8B09800D2800D /* Travelogue.xcdatamodeld in Sources */ = {isa = PBXBuildFile; fileRef = 4C2953A221B8B09800D2800D /* Travelogue.xcdatamodeld */; };
		4C2953A621B8B09800D2800D /* Assets.xcassets in Resources */ = {isa = PBXBuildFile; fileRef = 4C2953A521B8B09800D2800D /* Assets.xcassets */; };
		4C2953A921B8B09800D2800D /* LaunchScreen.storyboard in Resources */ = {isa = PBXBuildFile; fileRef = 4C2953A721B8B09800D2800D /* LaunchScreen.storyboard */; };
		4C2953B421B8B09900D2800D /* TravelogueUITests.swift in Sources */ = {isa = PBXBuildFile; fileRef = 4C2953B321B8B09900D2800D /* TravelogueUITests.swift */; };
		4C73841D21BB2AE60092EBDF /* TripModel.swift in Sources */ = {isa = PBXBuildFile; fileRef = 4C73841C21BB2AE60092EBDF /* TripModel.swift */; };
		4C73841F21BB2AF70092EBDF /* TripFunctions.swift in Sources */ = {isa = PBXBuildFile; fileRef = 4C73841E21BB2AF70092EBDF /* TripFunctions.swift */; };
		4C73842121BB2F030092EBDF /* Data.swift in Sources */ = {isa = PBXBuildFile; fileRef = 4C73842021BB2F030092EBDF /* Data.swift */; };
		4C73842521BB343B0092EBDF /* TripsStoryboard.storyboard in Resources */ = {isa = PBXBuildFile; fileRef = 4C73842421BB343B0092EBDF /* TripsStoryboard.storyboard */; };
		4C73842721BB344D0092EBDF /* TripsViewController.swift in Sources */ = {isa = PBXBuildFile; fileRef = 4C73842621BB344D0092EBDF /* TripsViewController.swift */; };
		4C73842921BB3C9A0092EBDF /* TripsTableViewCell.swift in Sources */ = {isa = PBXBuildFile; fileRef = 4C73842821BB3C9A0092EBDF /* TripsTableViewCell.swift */; };
		4C73842B21BB4A4C0092EBDF /* AddTripStoryboard.storyboard in Resources */ = {isa = PBXBuildFile; fileRef = 4C73842A21BB4A4C0092EBDF /* AddTripStoryboard.storyboard */; };
		4C73842E21BB4AF30092EBDF /* AddTripViewController.swift in Sources */ = {isa = PBXBuildFile; fileRef = 4C73842D21BB4AF30092EBDF /* AddTripViewController.swift */; };
		4C73843721BB69EC0092EBDF /* EntriesFunctions.swift in Sources */ = {isa = PBXBuildFile; fileRef = 4C73843621BB69EC0092EBDF /* EntriesFunctions.swift */; };
		4C73843921BB6A040092EBDF /* EntriesModel.swift in Sources */ = {isa = PBXBuildFile; fileRef = 4C73843821BB6A040092EBDF /* EntriesModel.swift */; };
		4C73843B21BB6D4D0092EBDF /* EntriesStoryboard.storyboard in Resources */ = {isa = PBXBuildFile; fileRef = 4C73843A21BB6D4D0092EBDF /* EntriesStoryboard.storyboard */; };
		4C73843D21BB70850092EBDF /* EntriesViewController.swift in Sources */ = {isa = PBXBuildFile; fileRef = 4C73843C21BB70850092EBDF /* EntriesViewController.swift */; };
		4C73843F21BB7B740092EBDF /* EntriesTableViewCell.swift in Sources */ = {isa = PBXBuildFile; fileRef = 4C73843E21BB7B740092EBDF /* EntriesTableViewCell.swift */; };
/* End PBXBuildFile section */

/* Begin PBXContainerItemProxy section */
		4C2953B021B8B09900D2800D /* PBXContainerItemProxy */ = {
			isa = PBXContainerItemProxy;
			containerPortal = 4C29539021B8B09800D2800D /* Project object */;
			proxyType = 1;
			remoteGlobalIDString = 4C29539721B8B09800D2800D;
			remoteInfo = Travelogue;
		};
/* End PBXContainerItemProxy section */

/* Begin PBXFileReference section */
		4C29539821B8B09800D2800D /* Travelogue.app */ = {isa = PBXFileReference; explicitFileType = wrapper.application; includeInIndex = 0; path = Travelogue.app; sourceTree = BUILT_PRODUCTS_DIR; };
		4C29539B21B8B09800D2800D /* AppDelegate.swift */ = {isa = PBXFileReference; lastKnownFileType = sourcecode.swift; path = AppDelegate.swift; sourceTree = "<group>"; };
		4C2953A321B8B09800D2800D /* Travelogue.xcdatamodel */ = {isa = PBXFileReference; lastKnownFileType = wrapper.xcdatamodel; path = Travelogue.xcdatamodel; sourceTree = "<group>"; };
		4C2953A521B8B09800D2800D /* Assets.xcassets */ = {isa = PBXFileReference; lastKnownFileType = folder.assetcatalog; path = Assets.xcassets; sourceTree = "<group>"; };
		4C2953A821B8B09800D2800D /* Base */ = {isa = PBXFileReference; lastKnownFileType = file.storyboard; name = Base; path = Base.lproj/LaunchScreen.storyboard; sourceTree = "<group>"; };
		4C2953AA21B8B09900D2800D /* Info.plist */ = {isa = PBXFileReference; lastKnownFileType = text.plist.xml; path = Info.plist; sourceTree = "<group>"; };
		4C2953AF21B8B09900D2800D /* TravelogueUITests.xctest */ = {isa = PBXFileReference; explicitFileType = wrapper.cfbundle; includeInIndex = 0; path = TravelogueUITests.xctest; sourceTree = BUILT_PRODUCTS_DIR; };
		4C2953B321B8B09900D2800D /* TravelogueUITests.swift */ = {isa = PBXFileReference; lastKnownFileType = sourcecode.swift; path = TravelogueUITests.swift; sourceTree = "<group>"; };
		4C2953B521B8B09900D2800D /* Info.plist */ = {isa = PBXFileReference; lastKnownFileType = text.plist.xml; path = Info.plist; sourceTree = "<group>"; };
		4C73841C21BB2AE60092EBDF /* TripModel.swift */ = {isa = PBXFileReference; lastKnownFileType = sourcecode.swift; path = TripModel.swift; sourceTree = "<group>"; };
		4C73841E21BB2AF70092EBDF /* TripFunctions.swift */ = {isa = PBXFileReference; lastKnownFileType = sourcecode.swift; path = TripFunctions.swift; sourceTree = "<group>"; };
		4C73842021BB2F030092EBDF /* Data.swift */ = {isa = PBXFileReference; lastKnownFileType = sourcecode.swift; path = Data.swift; sourceTree = "<group>"; };
		4C73842421BB343B0092EBDF /* TripsStoryboard.storyboard */ = {isa = PBXFileReference; lastKnownFileType = file.storyboard; path = TripsStoryboard.storyboard; sourceTree = "<group>"; };
		4C73842621BB344D0092EBDF /* TripsViewController.swift */ = {isa = PBXFileReference; lastKnownFileType = sourcecode.swift; path = TripsViewController.swift; sourceTree = "<group>"; };
		4C73842821BB3C9A0092EBDF /* TripsTableViewCell.swift */ = {isa = PBXFileReference; lastKnownFileType = sourcecode.swift; path = TripsTableViewCell.swift; sourceTree = "<group>"; };
		4C73842A21BB4A4C0092EBDF /* AddTripStoryboard.storyboard */ = {isa = PBXFileReference; fileEncoding = 4; lastKnownFileType = file.storyboard; path = AddTripStoryboard.storyboard; sourceTree = "<group>"; };
		4C73842D21BB4AF30092EBDF /* AddTripViewController.swift */ = {isa = PBXFileReference; lastKnownFileType = sourcecode.swift; path = AddTripViewController.swift; sourceTree = "<group>"; };
		4C73843621BB69EC0092EBDF /* EntriesFunctions.swift */ = {isa = PBXFileReference; lastKnownFileType = sourcecode.swift; path = EntriesFunctions.swift; sourceTree = "<group>"; };
		4C73843821BB6A040092EBDF /* EntriesModel.swift */ = {isa = PBXFileReference; lastKnownFileType = sourcecode.swift; path = EntriesModel.swift; sourceTree = "<group>"; };
		4C73843A21BB6D4D0092EBDF /* EntriesStoryboard.storyboard */ = {isa = PBXFileReference; lastKnownFileType = file.storyboard; path = EntriesStoryboard.storyboard; sourceTree = "<group>"; };
		4C73843C21BB70850092EBDF /* EntriesViewController.swift */ = {isa = PBXFileReference; lastKnownFileType = sourcecode.swift; path = EntriesViewController.swift; sourceTree = "<group>"; };
		4C73843E21BB7B740092EBDF /* EntriesTableViewCell.swift */ = {isa = PBXFileReference; lastKnownFileType = sourcecode.swift; path = EntriesTableViewCell.swift; sourceTree = "<group>"; };
/* End PBXFileReference section */

/* Begin PBXFrameworksBuildPhase section */
		4C29539521B8B09800D2800D /* Frameworks */ = {
			isa = PBXFrameworksBuildPhase;
			buildActionMask = 2147483647;
			files = (
			);
			runOnlyForDeploymentPostprocessing = 0;
		};
		4C2953AC21B8B09900D2800D /* Frameworks */ = {
			isa = PBXFrameworksBuildPhase;
			buildActionMask = 2147483647;
			files = (
			);
			runOnlyForDeploymentPostprocessing = 0;
		};
/* End PBXFrameworksBuildPhase section */

/* Begin PBXGroup section */
		4C29538F21B8B09800D2800D = {
			isa = PBXGroup;
			children = (
				4C29539A21B8B09800D2800D /* Travelogue */,
				4C2953B221B8B09900D2800D /* TravelogueUITests */,
				4C29539921B8B09800D2800D /* Products */,
			);
			sourceTree = "<group>";
		};
		4C29539921B8B09800D2800D /* Products */ = {
			isa = PBXGroup;
			children = (
				4C29539821B8B09800D2800D /* Travelogue.app */,
				4C2953AF21B8B09900D2800D /* TravelogueUITests.xctest */,
			);
			name = Products;
			sourceTree = "<group>";
		};
		4C29539A21B8B09800D2800D /* Travelogue */ = {
			isa = PBXGroup;
			children = (
				4C73842221BB33E10092EBDF /* Views */,
				4C73841A21BB2A950092EBDF /* Model */,
				4C29539B21B8B09800D2800D /* AppDelegate.swift */,
				4C2953A521B8B09800D2800D /* Assets.xcassets */,
				4C2953A721B8B09800D2800D /* LaunchScreen.storyboard */,
				4C2953AA21B8B09900D2800D /* Info.plist */,
				4C2953A221B8B09800D2800D /* Travelogue.xcdatamodeld */,
			);
			path = Travelogue;
			sourceTree = "<group>";
		};
		4C2953B221B8B09900D2800D /* TravelogueUITests */ = {
			isa = PBXGroup;
			children = (
				4C2953B321B8B09900D2800D /* TravelogueUITests.swift */,
				4C2953B521B8B09900D2800D /* Info.plist */,
			);
			path = TravelogueUITests;
			sourceTree = "<group>";
		};
		4C73841A21BB2A950092EBDF /* Model */ = {
			isa = PBXGroup;
			children = (
				4C73843521BB69C50092EBDF /* Entries */,
				4C73842021BB2F030092EBDF /* Data.swift */,
				4C73841B21BB2A9D0092EBDF /* Trips */,
			);
			path = Model;
			sourceTree = "<group>";
		};
		4C73841B21BB2A9D0092EBDF /* Trips */ = {
			isa = PBXGroup;
			children = (
				4C73841C21BB2AE60092EBDF /* TripModel.swift */,
				4C73841E21BB2AF70092EBDF /* TripFunctions.swift */,
			);
			path = Trips;
			sourceTree = "<group>";
		};
		4C73842221BB33E10092EBDF /* Views */ = {
			isa = PBXGroup;
			children = (
				4C73843121BB693E0092EBDF /* TripEntriesViewController */,
				4C73842321BB33FA0092EBDF /* TripsViewController */,
			);
			path = Views;
			sourceTree = "<group>";
		};
		4C73842321BB33FA0092EBDF /* TripsViewController */ = {
			isa = PBXGroup;
			children = (
				4C73842421BB343B0092EBDF /* TripsStoryboard.storyboard */,
				4C73842A21BB4A4C0092EBDF /* AddTripStoryboard.storyboard */,
				4C73843A21BB6D4D0092EBDF /* EntriesStoryboard.storyboard */,
				4C73842621BB344D0092EBDF /* TripsViewController.swift */,
				4C73842821BB3C9A0092EBDF /* TripsTableViewCell.swift */,
				4C73842D21BB4AF30092EBDF /* AddTripViewController.swift */,
			);
			path = TripsViewController;
			sourceTree = "<group>";
		};
		4C73843121BB693E0092EBDF /* TripEntriesViewController */ = {
			isa = PBXGroup;
			children = (
			);
			path = TripEntriesViewController;
			sourceTree = "<group>";
		};
		4C73843521BB69C50092EBDF /* Entries */ = {
			isa = PBXGroup;
			children = (
				4C73843621BB69EC0092EBDF /* EntriesFunctions.swift */,
				4C73843E21BB7B740092EBDF /* EntriesTableViewCell.swift */,
				4C73843821BB6A040092EBDF /* EntriesModel.swift */,
				4C73843C21BB70850092EBDF /* EntriesViewController.swift */,
			);
			path = Entries;
			sourceTree = "<group>";
		};
/* End PBXGroup section */

/* Begin PBXNativeTarget section */
		4C29539721B8B09800D2800D /* Travelogue */ = {
			isa = PBXNativeTarget;
			buildConfigurationList = 4C2953B821B8B09900D2800D /* Build configuration list for PBXNativeTarget "Travelogue" */;
			buildPhases = (
				4C29539421B8B09800D2800D /* Sources */,
				4C29539521B8B09800D2800D /* Frameworks */,
				4C29539621B8B09800D2800D /* Resources */,
			);
			buildRules = (
			);
			dependencies = (
			);
			name = Travelogue;
			productName = Travelogue;
			productReference = 4C29539821B8B09800D2800D /* Travelogue.app */;
			productType = "com.apple.product-type.application";
		};
		4C2953AE21B8B09900D2800D /* TravelogueUITests */ = {
			isa = PBXNativeTarget;
			buildConfigurationList = 4C2953BB21B8B09900D2800D /* Build configuration list for PBXNativeTarget "TravelogueUITests" */;
			buildPhases = (
				4C2953AB21B8B09900D2800D /* Sources */,
				4C2953AC21B8B09900D2800D /* Frameworks */,
				4C2953AD21B8B09900D2800D /* Resources */,
			);
			buildRules = (
			);
			dependencies = (
				4C2953B121B8B09900D2800D /* PBXTargetDependency */,
			);
			name = TravelogueUITests;
			productName = TravelogueUITests;
			productReference = 4C2953AF21B8B09900D2800D /* TravelogueUITests.xctest */;
			productType = "com.apple.product-type.bundle.ui-testing";
		};
/* End PBXNativeTarget section */

/* Begin PBXProject section */
		4C29539021B8B09800D2800D /* Project object */ = {
			isa = PBXProject;
			attributes = {
				LastSwiftUpdateCheck = 0940;
				LastUpgradeCheck = 0940;
				ORGANIZATIONNAME = "Jessica Sellers";
				TargetAttributes = {
					4C29539721B8B09800D2800D = {
						CreatedOnToolsVersion = 9.4.1;
					};
					4C2953AE21B8B09900D2800D = {
						CreatedOnToolsVersion = 9.4.1;
						TestTargetID = 4C29539721B8B09800D2800D;
					};
				};
			};
			buildConfigurationList = 4C29539321B8B09800D2800D /* Build configuration list for PBXProject "Travelogue" */;
			compatibilityVersion = "Xcode 9.3";
			developmentRegion = en;
			hasScannedForEncodings = 0;
			knownRegions = (
				en,
				Base,
			);
			mainGroup = 4C29538F21B8B09800D2800D;
			productRefGroup = 4C29539921B8B09800D2800D /* Products */;
			projectDirPath = "";
			projectRoot = "";
			targets = (
				4C29539721B8B09800D2800D /* Travelogue */,
				4C2953AE21B8B09900D2800D /* TravelogueUITests */,
			);
		};
/* End PBXProject section */

/* Begin PBXResourcesBuildPhase section */
		4C29539621B8B09800D2800D /* Resources */ = {
			isa = PBXResourcesBuildPhase;
			buildActionMask = 2147483647;
			files = (
				4C73842B21BB4A4C0092EBDF /* AddTripStoryboard.storyboard in Resources */,
				4C2953A921B8B09800D2800D /* LaunchScreen.storyboard in Resources */,
				4C73842521BB343B0092EBDF /* TripsStoryboard.storyboard in Resources */,
				4C73843B21BB6D4D0092EBDF /* EntriesStoryboard.storyboard in Resources */,
				4C2953A621B8B09800D2800D /* Assets.xcassets in Resources */,
			);
			runOnlyForDeploymentPostprocessing = 0;
		};
		4C2953AD21B8B09900D2800D /* Resources */ = {
			isa = PBXResourcesBuildPhase;
			buildActionMask = 2147483647;
			files = (
			);
			runOnlyForDeploymentPostprocessing = 0;
		};
/* End PBXResourcesBuildPhase section */

/* Begin PBXSourcesBuildPhase section */
		4C29539421B8B09800D2800D /* Sources */ = {
			isa = PBXSourcesBuildPhase;
			buildActionMask = 2147483647;
			files = (
				4C29539C21B8B09800D2800D /* AppDelegate.swift in Sources */,
				4C73843721BB69EC0092EBDF /* EntriesFunctions.swift in Sources */,
				4C73841D21BB2AE60092EBDF /* TripModel.swift in Sources */,
				4C2953A421B8B09800D2800D /* Travelogue.xcdatamodeld in Sources */,
				4C73843921BB6A040092EBDF /* EntriesModel.swift in Sources */,
				4C73842721BB344D0092EBDF /* TripsViewController.swift in Sources */,
				4C73843F21BB7B740092EBDF /* EntriesTableViewCell.swift in Sources */,
				4C73841F21BB2AF70092EBDF /* TripFunctions.swift in Sources */,
				4C73842E21BB4AF30092EBDF /* AddTripViewController.swift in Sources */,
				4C73842921BB3C9A0092EBDF /* TripsTableViewCell.swift in Sources */,
				4C73842121BB2F030092EBDF /* Data.swift in Sources */,
				4C73843D21BB70850092EBDF /* EntriesViewController.swift in Sources */,
			);
			runOnlyForDeploymentPostprocessing = 0;
		};
		4C2953AB21B8B09900D2800D /* Sources */ = {
			isa = PBXSourcesBuildPhase;
			buildActionMask = 2147483647;
			files = (
				4C2953B421B8B09900D2800D /* TravelogueUITests.swift in Sources */,
			);
			runOnlyForDeploymentPostprocessing = 0;
		};
/* End PBXSourcesBuildPhase section */

/* Begin PBXTargetDependency section */
		4C2953B121B8B09900D2800D /* PBXTargetDependency */ = {
			isa = PBXTargetDependency;
			target = 4C29539721B8B09800D2800D /* Travelogue */;
			targetProxy = 4C2953B021B8B09900D2800D /* PBXContainerItemProxy */;
		};
/* End PBXTargetDependency section */

/* Begin PBXVariantGroup section */
		4C2953A721B8B09800D2800D /* LaunchScreen.storyboard */ = {
			isa = PBXVariantGroup;
			children = (
				4C2953A821B8B09800D2800D /* Base */,
			);
			name = LaunchScreen.storyboard;
			sourceTree = "<group>";
		};
/* End PBXVariantGroup section */

/* Begin XCBuildConfiguration section */
		4C2953B621B8B09900D2800D /* Debug */ = {
			isa = XCBuildConfiguration;
			buildSettings = {
				ALWAYS_SEARCH_USER_PATHS = NO;
				CLANG_ANALYZER_NONNULL = YES;
				CLANG_ANALYZER_NUMBER_OBJECT_CONVERSION = YES_AGGRESSIVE;
				CLANG_CXX_LANGUAGE_STANDARD = "gnu++14";
				CLANG_CXX_LIBRARY = "libc++";
				CLANG_ENABLE_MODULES = YES;
				CLANG_ENABLE_OBJC_ARC = YES;
				CLANG_ENABLE_OBJC_WEAK = YES;
				CLANG_WARN_BLOCK_CAPTURE_AUTORELEASING = YES;
				CLANG_WARN_BOOL_CONVERSION = YES;
				CLANG_WARN_COMMA = YES;
				CLANG_WARN_CONSTANT_CONVERSION = YES;
				CLANG_WARN_DEPRECATED_OBJC_IMPLEMENTATIONS = YES;
				CLANG_WARN_DIRECT_OBJC_ISA_USAGE = YES_ERROR;
				CLANG_WARN_DOCUMENTATION_COMMENTS = YES;
				CLANG_WARN_EMPTY_BODY = YES;
				CLANG_WARN_ENUM_CONVERSION = YES;
				CLANG_WARN_INFINITE_RECURSION = YES;
				CLANG_WARN_INT_CONVERSION = YES;
				CLANG_WARN_NON_LITERAL_NULL_CONVERSION = YES;
				CLANG_WARN_OBJC_IMPLICIT_RETAIN_SELF = YES;
				CLANG_WARN_OBJC_LITERAL_CONVERSION = YES;
				CLANG_WARN_OBJC_ROOT_CLASS = YES_ERROR;
				CLANG_WARN_RANGE_LOOP_ANALYSIS = YES;
				CLANG_WARN_STRICT_PROTOTYPES = YES;
				CLANG_WARN_SUSPICIOUS_MOVE = YES;
				CLANG_WARN_UNGUARDED_AVAILABILITY = YES_AGGRESSIVE;
				CLANG_WARN_UNREACHABLE_CODE = YES;
				CLANG_WARN__DUPLICATE_METHOD_MATCH = YES;
				CODE_SIGN_IDENTITY = "iPhone Developer";
				COPY_PHASE_STRIP = NO;
				DEBUG_INFORMATION_FORMAT = dwarf;
				ENABLE_STRICT_OBJC_MSGSEND = YES;
				ENABLE_TESTABILITY = YES;
				GCC_C_LANGUAGE_STANDARD = gnu11;
				GCC_DYNAMIC_NO_PIC = NO;
				GCC_NO_COMMON_BLOCKS = YES;
				GCC_OPTIMIZATION_LEVEL = 0;
				GCC_PREPROCESSOR_DEFINITIONS = (
					"DEBUG=1",
					"$(inherited)",
				);
				GCC_WARN_64_TO_32_BIT_CONVERSION = YES;
				GCC_WARN_ABOUT_RETURN_TYPE = YES_ERROR;
				GCC_WARN_UNDECLARED_SELECTOR = YES;
				GCC_WARN_UNINITIALIZED_AUTOS = YES_AGGRESSIVE;
				GCC_WARN_UNUSED_FUNCTION = YES;
				GCC_WARN_UNUSED_VARIABLE = YES;
				IPHONEOS_DEPLOYMENT_TARGET = 11.4;
				MTL_ENABLE_DEBUG_INFO = YES;
				ONLY_ACTIVE_ARCH = YES;
				SDKROOT = iphoneos;
				SWIFT_ACTIVE_COMPILATION_CONDITIONS = DEBUG;
				SWIFT_OPTIMIZATION_LEVEL = "-Onone";
			};
			name = Debug;
		};
		4C2953B721B8B09900D2800D /* Release */ = {
			isa = XCBuildConfiguration;
			buildSettings = {
				ALWAYS_SEARCH_USER_PATHS = NO;
				CLANG_ANALYZER_NONNULL = YES;
				CLANG_ANALYZER_NUMBER_OBJECT_CONVERSION = YES_AGGRESSIVE;
				CLANG_CXX_LANGUAGE_STANDARD = "gnu++14";
				CLANG_CXX_LIBRARY = "libc++";
				CLANG_ENABLE_MODULES = YES;
				CLANG_ENABLE_OBJC_ARC = YES;
				CLANG_ENABLE_OBJC_WEAK = YES;
				CLANG_WARN_BLOCK_CAPTURE_AUTORELEASING = YES;
				CLANG_WARN_BOOL_CONVERSION = YES;
				CLANG_WARN_COMMA = YES;
				CLANG_WARN_CONSTANT_CONVERSION = YES;
				CLANG_WARN_DEPRECATED_OBJC_IMPLEMENTATIONS = YES;
				CLANG_WARN_DIRECT_OBJC_ISA_USAGE = YES_ERROR;
				CLANG_WARN_DOCUMENTATION_COMMENTS = YES;
				CLANG_WARN_EMPTY_BODY = YES;
				CLANG_WARN_ENUM_CONVERSION = YES;
				CLANG_WARN_INFINITE_RECURSION = YES;
				CLANG_WARN_INT_CONVERSION = YES;
				CLANG_WARN_NON_LITERAL_NULL_CONVERSION = YES;
				CLANG_WARN_OBJC_IMPLICIT_RETAIN_SELF = YES;
				CLANG_WARN_OBJC_LITERAL_CONVERSION = YES;
				CLANG_WARN_OBJC_ROOT_CLASS = YES_ERROR;
				CLANG_WARN_RANGE_LOOP_ANALYSIS = YES;
				CLANG_WARN_STRICT_PROTOTYPES = YES;
				CLANG_WARN_SUSPICIOUS_MOVE = YES;
				CLANG_WARN_UNGUARDED_AVAILABILITY = YES_AGGRESSIVE;
				CLANG_WARN_UNREACHABLE_CODE = YES;
				CLANG_WARN__DUPLICATE_METHOD_MATCH = YES;
				CODE_SIGN_IDENTITY = "iPhone Developer";
				COPY_PHASE_STRIP = NO;
				DEBUG_INFORMATION_FORMAT = "dwarf-with-dsym";
				ENABLE_NS_ASSERTIONS = NO;
				ENABLE_STRICT_OBJC_MSGSEND = YES;
				GCC_C_LANGUAGE_STANDARD = gnu11;
				GCC_NO_COMMON_BLOCKS = YES;
				GCC_WARN_64_TO_32_BIT_CONVERSION = YES;
				GCC_WARN_ABOUT_RETURN_TYPE = YES_ERROR;
				GCC_WARN_UNDECLARED_SELECTOR = YES;
				GCC_WARN_UNINITIALIZED_AUTOS = YES_AGGRESSIVE;
				GCC_WARN_UNUSED_FUNCTION = YES;
				GCC_WARN_UNUSED_VARIABLE = YES;
				IPHONEOS_DEPLOYMENT_TARGET = 11.4;
				MTL_ENABLE_DEBUG_INFO = NO;
				SDKROOT = iphoneos;
				SWIFT_COMPILATION_MODE = wholemodule;
				SWIFT_OPTIMIZATION_LEVEL = "-O";
				VALIDATE_PRODUCT = YES;
			};
			name = Release;
		};
		4C2953B921B8B09900D2800D /* Debug */ = {
			isa = XCBuildConfiguration;
			buildSettings = {
				ASSETCATALOG_COMPILER_APPICON_NAME = AppIcon;
				CODE_SIGN_STYLE = Automatic;
				DEVELOPMENT_TEAM = AZ8X37G44S;
				INFOPLIST_FILE = Travelogue/Info.plist;
				LD_RUNPATH_SEARCH_PATHS = (
					"$(inherited)",
					"@executable_path/Frameworks",
				);
				PRODUCT_BUNDLE_IDENTIFIER = jswx5.Travelogue;
				PRODUCT_NAME = "$(TARGET_NAME)";
				SWIFT_VERSION = 4.0;
				TARGETED_DEVICE_FAMILY = "1,2";
			};
			name = Debug;
		};
		4C2953BA21B8B09900D2800D /* Release */ = {
			isa = XCBuildConfiguration;
			buildSettings = {
				ASSETCATALOG_COMPILER_APPICON_NAME = AppIcon;
				CODE_SIGN_STYLE = Automatic;
				DEVELOPMENT_TEAM = AZ8X37G44S;
				INFOPLIST_FILE = Travelogue/Info.plist;
				LD_RUNPATH_SEARCH_PATHS = (
					"$(inherited)",
					"@executable_path/Frameworks",
				);
				PRODUCT_BUNDLE_IDENTIFIER = jswx5.Travelogue;
				PRODUCT_NAME = "$(TARGET_NAME)";
				SWIFT_VERSION = 4.0;
				TARGETED_DEVICE_FAMILY = "1,2";
			};
			name = Release;
		};
		4C2953BC21B8B09900D2800D /* Debug */ = {
			isa = XCBuildConfiguration;
			buildSettings = {
				ALWAYS_EMBED_SWIFT_STANDARD_LIBRARIES = YES;
				CODE_SIGN_STYLE = Automatic;
				DEVELOPMENT_TEAM = AZ8X37G44S;
				INFOPLIST_FILE = TravelogueUITests/Info.plist;
				LD_RUNPATH_SEARCH_PATHS = (
					"$(inherited)",
					"@executable_path/Frameworks",
					"@loader_path/Frameworks",
				);
				PRODUCT_BUNDLE_IDENTIFIER = jswx5.TravelogueUITests;
				PRODUCT_NAME = "$(TARGET_NAME)";
				SWIFT_VERSION = 4.0;
				TARGETED_DEVICE_FAMILY = "1,2";
				TEST_TARGET_NAME = Travelogue;
			};
			name = Debug;
		};
		4C2953BD21B8B09900D2800D /* Release */ = {
			isa = XCBuildConfiguration;
			buildSettings = {
				ALWAYS_EMBED_SWIFT_STANDARD_LIBRARIES = YES;
				CODE_SIGN_STYLE = Automatic;
				DEVELOPMENT_TEAM = AZ8X37G44S;
				INFOPLIST_FILE = TravelogueUITests/Info.plist;
				LD_RUNPATH_SEARCH_PATHS = (
					"$(inherited)",
					"@executable_path/Frameworks",
					"@loader_path/Frameworks",
				);
				PRODUCT_BUNDLE_IDENTIFIER = jswx5.TravelogueUITests;
				PRODUCT_NAME = "$(TARGET_NAME)";
				SWIFT_VERSION = 4.0;
				TARGETED_DEVICE_FAMILY = "1,2";
				TEST_TARGET_NAME = Travelogue;
			};
			name = Release;
		};
/* End XCBuildConfiguration section */

/* Begin XCConfigurationList section */
		4C29539321B8B09800D2800D /* Build configuration list for PBXProject "Travelogue" */ = {
			isa = XCConfigurationList;
			buildConfigurations = (
				4C2953B621B8B09900D2800D /* Debug */,
				4C2953B721B8B09900D2800D /* Release */,
			);
			defaultConfigurationIsVisible = 0;
			defaultConfigurationName = Release;
		};
		4C2953B821B8B09900D2800D /* Build configuration list for PBXNativeTarget "Travelogue" */ = {
			isa = XCConfigurationList;
			buildConfigurations = (
				4C2953B921B8B09900D2800D /* Debug */,
				4C2953BA21B8B09900D2800D /* Release */,
			);
			defaultConfigurationIsVisible = 0;
			defaultConfigurationName = Release;
		};
		4C2953BB21B8B09900D2800D /* Build configuration list for PBXNativeTarget "TravelogueUITests" */ = {
			isa = XCConfigurationList;
			buildConfigurations = (
				4C2953BC21B8B09900D2800D /* Debug */,
				4C2953BD21B8B09900D2800D /* Release */,
			);
			defaultConfigurationIsVisible = 0;
			defaultConfigurationName = Release;
		};
/* End XCConfigurationList section */

/* Begin XCVersionGroup section */
		4C2953A221B8B09800D2800D /* Travelogue.xcdatamodeld */ = {
			isa = XCVersionGroup;
			children = (
				4C2953A321B8B09800D2800D /* Travelogue.xcdatamodel */,
			);
			currentVersion = 4C2953A321B8B09800D2800D /* Travelogue.xcdatamodel */;
			path = Travelogue.xcdatamodeld;
			sourceTree = "<group>";
			versionGroupType = wrapper.xcdatamodel;
		};
/* End XCVersionGroup section */
	};
	rootObject = 4C29539021B8B09800D2800D /* Project object */;
}
